// !$*UTF8*$!
{
	archiveVersion = 1;
	classes = {
	};
	objectVersion = 48;
	objects = {

/* Begin PBXBuildFile section */
		D7488B321FF834A200C97968 /* AppDelegate.swift in Sources */ = {isa = PBXBuildFile; fileRef = D7488B311FF834A200C97968 /* AppDelegate.swift */; };
		D7488B341FF834A200C97968 /* ViewController.swift in Sources */ = {isa = PBXBuildFile; fileRef = D7488B331FF834A200C97968 /* ViewController.swift */; };
		D7488B371FF834A200C97968 /* Main.storyboard in Resources */ = {isa = PBXBuildFile; fileRef = D7488B351FF834A200C97968 /* Main.storyboard */; };
		D7488B391FF834A200C97968 /* Assets.xcassets in Resources */ = {isa = PBXBuildFile; fileRef = D7488B381FF834A200C97968 /* Assets.xcassets */; };
		D7488B3C1FF834A200C97968 /* LaunchScreen.storyboard in Resources */ = {isa = PBXBuildFile; fileRef = D7488B3A1FF834A200C97968 /* LaunchScreen.storyboard */; };
		D7488B471FF834A200C97968 /* TippyTests.swift in Sources */ = {isa = PBXBuildFile; fileRef = D7488B461FF834A200C97968 /* TippyTests.swift */; };
		D7488B521FF834A200C97968 /* TippyUITests.swift in Sources */ = {isa = PBXBuildFile; fileRef = D7488B511FF834A200C97968 /* TippyUITests.swift */; };
/* End PBXBuildFile section */

/* Begin PBXContainerItemProxy section */
		D7488B431FF834A200C97968 /* PBXContainerItemProxy */ = {
			isa = PBXContainerItemProxy;
			containerPortal = D7488B261FF834A200C97968 /* Project object */;
			proxyType = 1;
			remoteGlobalIDString = D7488B2D1FF834A200C97968;
			remoteInfo = Tippy;
		};
		D7488B4E1FF834A200C97968 /* PBXContainerItemProxy */ = {
			isa = PBXContainerItemProxy;
			containerPortal = D7488B261FF834A200C97968 /* Project object */;
			proxyType = 1;
			remoteGlobalIDString = D7488B2D1FF834A200C97968;
			remoteInfo = Tippy;
		};
/* End PBXContainerItemProxy section */

/* Begin PBXFileReference section */
		D7488B2E1FF834A200C97968 /* Tippy.app */ = {isa = PBXFileReference; explicitFileType = wrapper.application; includeInIndex = 0; path = Tippy.app; sourceTree = BUILT_PRODUCTS_DIR; };
		D7488B311FF834A200C97968 /* AppDelegate.swift */ = {isa = PBXFileReference; lastKnownFileType = sourcecode.swift; path = AppDelegate.swift; sourceTree = "<group>"; };
		D7488B331FF834A200C97968 /* ViewController.swift */ = {isa = PBXFileReference; lastKnownFileType = sourcecode.swift; path = ViewController.swift; sourceTree = "<group>"; };
		D7488B361FF834A200C97968 /* Base */ = {isa = PBXFileReference; lastKnownFileType = file.storyboard; name = Base; path = Base.lproj/Main.storyboard; sourceTree = "<group>"; };
		D7488B381FF834A200C97968 /* Assets.xcassets */ = {isa = PBXFileReference; lastKnownFileType = folder.assetcatalog; path = Assets.xcassets; sourceTree = "<group>"; };
		D7488B3B1FF834A200C97968 /* Base */ = {isa = PBXFileReference; lastKnownFileType = file.storyboard; name = Base; path = Base.lproj/LaunchScreen.storyboard; sourceTree = "<group>"; };
		D7488B3D1FF834A200C97968 /* Info.plist */ = {isa = PBXFileReference; lastKnownFileType = text.plist.xml; path = Info.plist; sourceTree = "<group>"; };
		D7488B421FF834A200C97968 /* TippyTests.xctest */ = {isa = PBXFileReference; explicitFileType = wrapper.cfbundle; includeInIndex = 0; path = TippyTests.xctest; sourceTree = BUILT_PRODUCTS_DIR; };
		D7488B461FF834A200C97968 /* TippyTests.swift */ = {isa = PBXFileReference; lastKnownFileType = sourcecode.swift; path = TippyTests.swift; sourceTree = "<group>"; };
		D7488B481FF834A200C97968 /* Info.plist */ = {isa = PBXFileReference; lastKnownFileType = text.plist.xml; path = Info.plist; sourceTree = "<group>"; };
		D7488B4D1FF834A200C97968 /* TippyUITests.xctest */ = {isa = PBXFileReference; explicitFileType = wrapper.cfbundle; includeInIndex = 0; path = TippyUITests.xctest; sourceTree = BUILT_PRODUCTS_DIR; };
		D7488B511FF834A200C97968 /* TippyUITests.swift */ = {isa = PBXFileReference; lastKnownFileType = sourcecode.swift; path = TippyUITests.swift; sourceTree = "<group>"; };
		D7488B531FF834A200C97968 /* Info.plist */ = {isa = PBXFileReference; lastKnownFileType = text.plist.xml; path = Info.plist; sourceTree = "<group>"; };
/* End PBXFileReference section */

/* Begin PBXFrameworksBuildPhase section */
		D7488B2B1FF834A200C97968 /* Frameworks */ = {
			isa = PBXFrameworksBuildPhase;
			buildActionMask = 2147483647;
			files = (
			);
			runOnlyForDeploymentPostprocessing = 0;
		};
		D7488B3F1FF834A200C97968 /* Frameworks */ = {
			isa = PBXFrameworksBuildPhase;
			buildActionMask = 2147483647;
			files = (
			);
			runOnlyForDeploymentPostprocessing = 0;
		};
		D7488B4A1FF834A200C97968 /* Frameworks */ = {
			isa = PBXFrameworksBuildPhase;
			buildActionMask = 2147483647;
			files = (
			);
			runOnlyForDeploymentPostprocessing = 0;
		};
/* End PBXFrameworksBuildPhase section */

/* Begin PBXGroup section */
		D7488B251FF834A200C97968 = {
			isa = PBXGroup;
			children = (
				D7488B301FF834A200C97968 /* Tippy */,
				D7488B451FF834A200C97968 /* TippyTests */,
				D7488B501FF834A200C97968 /* TippyUITests */,
				D7488B2F1FF834A200C97968 /* Products */,
			);
			sourceTree = "<group>";
		};
		D7488B2F1FF834A200C97968 /* Products */ = {
			isa = PBXGroup;
			children = (
				D7488B2E1FF834A200C97968 /* Tippy.app */,
				D7488B421FF834A200C97968 /* TippyTests.xctest */,
				D7488B4D1FF834A200C97968 /* TippyUITests.xctest */,
			);
			name = Products;
			sourceTree = "<group>";
		};
		D7488B301FF834A200C97968 /* Tippy */ = {
			isa = PBXGroup;
			children = (
				D7488B311FF834A200C97968 /* AppDelegate.swift */,
				D7488B331FF834A200C97968 /* ViewController.swift */,
				D7488B351FF834A200C97968 /* Main.storyboard */,
				D7488B381FF834A200C97968 /* Assets.xcassets */,
				D7488B3A1FF834A200C97968 /* LaunchScreen.storyboard */,
				D7488B3D1FF834A200C97968 /* Info.plist */,
			);
			path = Tippy;
			sourceTree = "<group>";
		};
		D7488B451FF834A200C97968 /* TippyTests */ = {
			isa = PBXGroup;
			children = (
				D7488B461FF834A200C97968 /* TippyTests.swift */,
				D7488B481FF834A200C97968 /* Info.plist */,
			);
			path = TippyTests;
			sourceTree = "<group>";
		};
		D7488B501FF834A200C97968 /* TippyUITests */ = {
			isa = PBXGroup;
			children = (
				D7488B511FF834A200C97968 /* TippyUITests.swift */,
				D7488B531FF834A200C97968 /* Info.plist */,
			);
			path = TippyUITests;
			sourceTree = "<group>";
		};
/* End PBXGroup section */

/* Begin PBXNativeTarget section */
		D7488B2D1FF834A200C97968 /* Tippy */ = {
			isa = PBXNativeTarget;
			buildConfigurationList = D7488B561FF834A200C97968 /* Build configuration list for PBXNativeTarget "Tippy" */;
			buildPhases = (
				D7488B2A1FF834A200C97968 /* Sources */,
				D7488B2B1FF834A200C97968 /* Frameworks */,
				D7488B2C1FF834A200C97968 /* Resources */,
			);
			buildRules = (
			);
			dependencies = (
			);
			name = Tippy;
			productName = Tippy;
			productReference = D7488B2E1FF834A200C97968 /* Tippy.app */;
			productType = "com.apple.product-type.application";
		};
		D7488B411FF834A200C97968 /* TippyTests */ = {
			isa = PBXNativeTarget;
			buildConfigurationList = D7488B591FF834A200C97968 /* Build configuration list for PBXNativeTarget "TippyTests" */;
			buildPhases = (
				D7488B3E1FF834A200C97968 /* Sources */,
				D7488B3F1FF834A200C97968 /* Frameworks */,
				D7488B401FF834A200C97968 /* Resources */,
			);
			buildRules = (
			);
			dependencies = (
				D7488B441FF834A200C97968 /* PBXTargetDependency */,
			);
			name = TippyTests;
			productName = TippyTests;
			productReference = D7488B421FF834A200C97968 /* TippyTests.xctest */;
			productType = "com.apple.product-type.bundle.unit-test";
		};
		D7488B4C1FF834A200C97968 /* TippyUITests */ = {
			isa = PBXNativeTarget;
			buildConfigurationList = D7488B5C1FF834A200C97968 /* Build configuration list for PBXNativeTarget "TippyUITests" */;
			buildPhases = (
				D7488B491FF834A200C97968 /* Sources */,
				D7488B4A1FF834A200C97968 /* Frameworks */,
				D7488B4B1FF834A200C97968 /* Resources */,
			);
			buildRules = (
			);
			dependencies = (
				D7488B4F1FF834A200C97968 /* PBXTargetDependency */,
			);
			name = TippyUITests;
			productName = TippyUITests;
			productReference = D7488B4D1FF834A200C97968 /* TippyUITests.xctest */;
			productType = "com.apple.product-type.bundle.ui-testing";
		};
/* End PBXNativeTarget section */

/* Begin PBXProject section */
		D7488B261FF834A200C97968 /* Project object */ = {
			isa = PBXProject;
			attributes = {
				LastSwiftUpdateCheck = 0920;
				LastUpgradeCheck = 0920;
				ORGANIZATIONNAME = "Bilguun Bulgan";
				TargetAttributes = {
					D7488B2D1FF834A200C97968 = {
						CreatedOnToolsVersion = 9.2;
						ProvisioningStyle = Automatic;
					};
					D7488B411FF834A200C97968 = {
						CreatedOnToolsVersion = 9.2;
						ProvisioningStyle = Automatic;
						TestTargetID = D7488B2D1FF834A200C97968;
					};
					D7488B4C1FF834A200C97968 = {
						CreatedOnToolsVersion = 9.2;
						ProvisioningStyle = Automatic;
						TestTargetID = D7488B2D1FF834A200C97968;
					};
				};
			};
			buildConfigurationList = D7488B291FF834A200C97968 /* Build configuration list for PBXProject "Tippy" */;
			compatibilityVersion = "Xcode 8.0";
			developmentRegion = en;
			hasScannedForEncodings = 0;
			knownRegions = (
				en,
				Base,
			);
			mainGroup = D7488B251FF834A200C97968;
			productRefGroup = D7488B2F1FF834A200C97968 /* Products */;
			projectDirPath = "";
			projectRoot = "";
			targets = (
				D7488B2D1FF834A200C97968 /* Tippy */,
				D7488B411FF834A200C97968 /* TippyTests */,
				D7488B4C1FF834A200C97968 /* TippyUITests */,
			);
		};
/* End PBXProject section */

/* Begin PBXResourcesBuildPhase section */
		D7488B2C1FF834A200C97968 /* Resources */ = {
			isa = PBXResourcesBuildPhase;
			buildActionMask = 2147483647;
			files = (
				D7488B3C1FF834A200C97968 /* LaunchScreen.storyboard in Resources */,
				D7488B391FF834A200C97968 /* Assets.xcassets in Resources */,
				D7488B371FF834A200C97968 /* Main.storyboard in Resources */,
			);
			runOnlyForDeploymentPostprocessing = 0;
		};
		D7488B401FF834A200C97968 /* Resources */ = {
			isa = PBXResourcesBuildPhase;
			buildActionMask = 2147483647;
			files = (
			);
			runOnlyForDeploymentPostprocessing = 0;
		};
		D7488B4B1FF834A200C97968 /* Resources */ = {
			isa = PBXResourcesBuildPhase;
			buildActionMask = 2147483647;
			files = (
			);
			runOnlyForDeploymentPostprocessing = 0;
		};
/* End PBXResourcesBuildPhase section */

/* Begin PBXSourcesBuildPhase section */
		D7488B2A1FF834A200C97968 /* Sources */ = {
			isa = PBXSourcesBuildPhase;
			buildActionMask = 2147483647;
			files = (
				D7488B341FF834A200C97968 /* ViewController.swift in Sources */,
				D7488B321FF834A200C97968 /* AppDelegate.swift in Sources */,
			);
			runOnlyForDeploymentPostprocessing = 0;
		};
		D7488B3E1FF834A200C97968 /* Sources */ = {
			isa = PBXSourcesBuildPhase;
			buildActionMask = 2147483647;
			files = (
				D7488B471FF834A200C97968 /* TippyTests.swift in Sources */,
			);
			runOnlyForDeploymentPostprocessing = 0;
		};
		D7488B491FF834A200C97968 /* Sources */ = {
			isa = PBXSourcesBuildPhase;
			buildActionMask = 2147483647;
			files = (
				D7488B521FF834A200C97968 /* TippyUITests.swift in Sources */,
			);
			runOnlyForDeploymentPostprocessing = 0;
		};
/* End PBXSourcesBuildPhase section */

/* Begin PBXTargetDependency section */
		D7488B441FF834A200C97968 /* PBXTargetDependency */ = {
			isa = PBXTargetDependency;
			target = D7488B2D1FF834A200C97968 /* Tippy */;
			targetProxy = D7488B431FF834A200C97968 /* PBXContainerItemProxy */;
		};
		D7488B4F1FF834A200C97968 /* PBXTargetDependency */ = {
			isa = PBXTargetDependency;
			target = D7488B2D1FF834A200C97968 /* Tippy */;
			targetProxy = D7488B4E1FF834A200C97968 /* PBXContainerItemProxy */;
		};
/* End PBXTargetDependency section */

/* Begin PBXVariantGroup section */
		D7488B351FF834A200C97968 /* Main.storyboard */ = {
			isa = PBXVariantGroup;
			children = (
				D7488B361FF834A200C97968 /* Base */,
			);
			name = Main.storyboard;
			sourceTree = "<group>";
		};
		D7488B3A1FF834A200C97968 /* LaunchScreen.storyboard */ = {
			isa = PBXVariantGroup;
			children = (
				D7488B3B1FF834A200C97968 /* Base */,
			);
			name = LaunchScreen.storyboard;
			sourceTree = "<group>";
		};
/* End PBXVariantGroup section */

/* Begin XCBuildConfiguration section */
		D7488B541FF834A200C97968 /* Debug */ = {
			isa = XCBuildConfiguration;
			buildSettings = {
				ALWAYS_SEARCH_USER_PATHS = NO;
				CLANG_ANALYZER_NONNULL = YES;
				CLANG_ANALYZER_NUMBER_OBJECT_CONVERSION = YES_AGGRESSIVE;
				CLANG_CXX_LANGUAGE_STANDARD = "gnu++14";
				CLANG_CXX_LIBRARY = "libc++";
				CLANG_ENABLE_MODULES = YES;
				CLANG_ENABLE_OBJC_ARC = YES;
				CLANG_WARN_BLOCK_CAPTURE_AUTORELEASING = YES;
				CLANG_WARN_BOOL_CONVERSION = YES;
				CLANG_WARN_COMMA = YES;
				CLANG_WARN_CONSTANT_CONVERSION = YES;
				CLANG_WARN_DIRECT_OBJC_ISA_USAGE = YES_ERROR;
				CLANG_WARN_DOCUMENTATION_COMMENTS = YES;
				CLANG_WARN_EMPTY_BODY = YES;
				CLANG_WARN_ENUM_CONVERSION = YES;
				CLANG_WARN_INFINITE_RECURSION = YES;
				CLANG_WARN_INT_CONVERSION = YES;
				CLANG_WARN_NON_LITERAL_NULL_CONVERSION = YES;
				CLANG_WARN_OBJC_LITERAL_CONVERSION = YES;
				CLANG_WARN_OBJC_ROOT_CLASS = YES_ERROR;
				CLANG_WARN_RANGE_LOOP_ANALYSIS = YES;
				CLANG_WARN_STRICT_PROTOTYPES = YES;
				CLANG_WARN_SUSPICIOUS_MOVE = YES;
				CLANG_WARN_UNGUARDED_AVAILABILITY = YES_AGGRESSIVE;
				CLANG_WARN_UNREACHABLE_CODE = YES;
				CLANG_WARN__DUPLICATE_METHOD_MATCH = YES;
				CODE_SIGN_IDENTITY = "iPhone Developer";
				COPY_PHASE_STRIP = NO;
				DEBUG_INFORMATION_FORMAT = dwarf;
				ENABLE_STRICT_OBJC_MSGSEND = YES;
				ENABLE_TESTABILITY = YES;
				GCC_C_LANGUAGE_STANDARD = gnu11;
				GCC_DYNAMIC_NO_PIC = NO;
				GCC_NO_COMMON_BLOCKS = YES;
				GCC_OPTIMIZATION_LEVEL = 0;
				GCC_PREPROCESSOR_DEFINITIONS = (
					"DEBUG=1",
					"$(inherited)",
				);
				GCC_WARN_64_TO_32_BIT_CONVERSION = YES;
				GCC_WARN_ABOUT_RETURN_TYPE = YES_ERROR;
				GCC_WARN_UNDECLARED_SELECTOR = YES;
				GCC_WARN_UNINITIALIZED_AUTOS = YES_AGGRESSIVE;
				GCC_WARN_UNUSED_FUNCTION = YES;
				GCC_WARN_UNUSED_VARIABLE = YES;
				IPHONEOS_DEPLOYMENT_TARGET = 11.2;
				MTL_ENABLE_DEBUG_INFO = YES;
				ONLY_ACTIVE_ARCH = YES;
				SDKROOT = iphoneos;
				SWIFT_ACTIVE_COMPILATION_CONDITIONS = DEBUG;
				SWIFT_OPTIMIZATION_LEVEL = "-Onone";
			};
			name = Debug;
		};
		D7488B551FF834A200C97968 /* Release */ = {
			isa = XCBuildConfiguration;
			buildSettings = {
				ALWAYS_SEARCH_USER_PATHS = NO;
				CLANG_ANALYZER_NONNULL = YES;
				CLANG_ANALYZER_NUMBER_OBJECT_CONVERSION = YES_AGGRESSIVE;
				CLANG_CXX_LANGUAGE_STANDARD = "gnu++14";
				CLANG_CXX_LIBRARY = "libc++";
				CLANG_ENABLE_MODULES = YES;
				CLANG_ENABLE_OBJC_ARC = YES;
				CLANG_WARN_BLOCK_CAPTURE_AUTORELEASING = YES;
				CLANG_WARN_BOOL_CONVERSION = YES;
				CLANG_WARN_COMMA = YES;
				CLANG_WARN_CONSTANT_CONVERSION = YES;
				CLANG_WARN_DIRECT_OBJC_ISA_USAGE = YES_ERROR;
				CLANG_WARN_DOCUMENTATION_COMMENTS = YES;
				CLANG_WARN_EMPTY_BODY = YES;
				CLANG_WARN_ENUM_CONVERSION = YES;
				CLANG_WARN_INFINITE_RECURSION = YES;
				CLANG_WARN_INT_CONVERSION = YES;
				CLANG_WARN_NON_LITERAL_NULL_CONVERSION = YES;
				CLANG_WARN_OBJC_LITERAL_CONVERSION = YES;
				CLANG_WARN_OBJC_ROOT_CLASS = YES_ERROR;
				CLANG_WARN_RANGE_LOOP_ANALYSIS = YES;
				CLANG_WARN_STRICT_PROTOTYPES = YES;
				CLANG_WARN_SUSPICIOUS_MOVE = YES;
				CLANG_WARN_UNGUARDED_AVAILABILITY = YES_AGGRESSIVE;
				CLANG_WARN_UNREACHABLE_CODE = YES;
				CLANG_WARN__DUPLICATE_METHOD_MATCH = YES;
				CODE_SIGN_IDENTITY = "iPhone Developer";
				COPY_PHASE_STRIP = NO;
				DEBUG_INFORMATION_FORMAT = "dwarf-with-dsym";
				ENABLE_NS_ASSERTIONS = NO;
				ENABLE_STRICT_OBJC_MSGSEND = YES;
				GCC_C_LANGUAGE_STANDARD = gnu11;
				GCC_NO_COMMON_BLOCKS = YES;
				GCC_WARN_64_TO_32_BIT_CONVERSION = YES;
				GCC_WARN_ABOUT_RETURN_TYPE = YES_ERROR;
				GCC_WARN_UNDECLARED_SELECTOR = YES;
				GCC_WARN_UNINITIALIZED_AUTOS = YES_AGGRESSIVE;
				GCC_WARN_UNUSED_FUNCTION = YES;
				GCC_WARN_UNUSED_VARIABLE = YES;
				IPHONEOS_DEPLOYMENT_TARGET = 11.2;
				MTL_ENABLE_DEBUG_INFO = NO;
				SDKROOT = iphoneos;
				SWIFT_OPTIMIZATION_LEVEL = "-Owholemodule";
				VALIDATE_PRODUCT = YES;
			};
			name = Release;
		};
		D7488B571FF834A200C97968 /* Debug */ = {
			isa = XCBuildConfiguration;
			buildSettings = {
				ASSETCATALOG_COMPILER_APPICON_NAME = AppIcon;
				CODE_SIGN_STYLE = Automatic;
				INFOPLIST_FILE = Tippy/Info.plist;
				LD_RUNPATH_SEARCH_PATHS = "$(inherited) @executable_path/Frameworks";
				PRODUCT_BUNDLE_IDENTIFIER = Bilguun.Tippy;
				PRODUCT_NAME = "$(TARGET_NAME)";
				SWIFT_VERSION = 4.0;
				TARGETED_DEVICE_FAMILY = "1,2";
			};
			name = Debug;
		};
		D7488B581FF834A200C97968 /* Release */ = {
			isa = XCBuildConfiguration;
			buildSettings = {
				ASSETCATALOG_COMPILER_APPICON_NAME = AppIcon;
				CODE_SIGN_STYLE = Automatic;
				INFOPLIST_FILE = Tippy/Info.plist;
				LD_RUNPATH_SEARCH_PATHS = "$(inherited) @executable_path/Frameworks";
				PRODUCT_BUNDLE_IDENTIFIER = Bilguun.Tippy;
				PRODUCT_NAME = "$(TARGET_NAME)";
				SWIFT_VERSION = 4.0;
				TARGETED_DEVICE_FAMILY = "1,2";
			};
			name = Release;
		};
		D7488B5A1FF834A200C97968 /* Debug */ = {
			isa = XCBuildConfiguration;
			buildSettings = {
				ALWAYS_EMBED_SWIFT_STANDARD_LIBRARIES = YES;
				BUNDLE_LOADER = "$(TEST_HOST)";
				CODE_SIGN_STYLE = Automatic;
				INFOPLIST_FILE = TippyTests/Info.plist;
				LD_RUNPATH_SEARCH_PATHS = "$(inherited) @executable_path/Frameworks @loader_path/Frameworks";
				PRODUCT_BUNDLE_IDENTIFIER = Bilguun.TippyTests;
				PRODUCT_NAME = "$(TARGET_NAME)";
				SWIFT_VERSION = 4.0;
				TARGETED_DEVICE_FAMILY = "1,2";
				TEST_HOST = "$(BUILT_PRODUCTS_DIR)/Tippy.app/Tippy";
			};
			name = Debug;
		};
		D7488B5B1FF834A200C97968 /* Release */ = {
			isa = XCBuildConfiguration;
			buildSettings = {
				ALWAYS_EMBED_SWIFT_STANDARD_LIBRARIES = YES;
				BUNDLE_LOADER = "$(TEST_HOST)";
				CODE_SIGN_STYLE = Automatic;
				INFOPLIST_FILE = TippyTests/Info.plist;
				LD_RUNPATH_SEARCH_PATHS = "$(inherited) @executable_path/Frameworks @loader_path/Frameworks";
				PRODUCT_BUNDLE_IDENTIFIER = Bilguun.TippyTests;
				PRODUCT_NAME = "$(TARGET_NAME)";
				SWIFT_VERSION = 4.0;
				TARGETED_DEVICE_FAMILY = "1,2";
				TEST_HOST = "$(BUILT_PRODUCTS_DIR)/Tippy.app/Tippy";
			};
			name = Release;
		};
		D7488B5D1FF834A200C97968 /* Debug */ = {
			isa = XCBuildConfiguration;
			buildSettings = {
				ALWAYS_EMBED_SWIFT_STANDARD_LIBRARIES = YES;
				CODE_SIGN_STYLE = Automatic;
				INFOPLIST_FILE = TippyUITests/Info.plist;
				LD_RUNPATH_SEARCH_PATHS = "$(inherited) @executable_path/Frameworks @loader_path/Frameworks";
				PRODUCT_BUNDLE_IDENTIFIER = Bilguun.TippyUITests;
				PRODUCT_NAME = "$(TARGET_NAME)";
				SWIFT_VERSION = 4.0;
				TARGETED_DEVICE_FAMILY = "1,2";
				TEST_TARGET_NAME = Tippy;
			};
			name = Debug;
		};
		D7488B5E1FF834A200C97968 /* Release */ = {
			isa = XCBuildConfiguration;
			buildSettings = {
				ALWAYS_EMBED_SWIFT_STANDARD_LIBRARIES = YES;
				CODE_SIGN_STYLE = Automatic;
				INFOPLIST_FILE = TippyUITests/Info.plist;
				LD_RUNPATH_SEARCH_PATHS = "$(inherited) @executable_path/Frameworks @loader_path/Frameworks";
				PRODUCT_BUNDLE_IDENTIFIER = Bilguun.TippyUITests;
				PRODUCT_NAME = "$(TARGET_NAME)";
				SWIFT_VERSION = 4.0;
				TARGETED_DEVICE_FAMILY = "1,2";
				TEST_TARGET_NAME = Tippy;
			};
			name = Release;
		};
/* End XCBuildConfiguration section */

/* Begin XCConfigurationList section */
		D7488B291FF834A200C97968 /* Build configuration list for PBXProject "Tippy" */ = {
			isa = XCConfigurationList;
			buildConfigurations = (
				D7488B541FF834A200C97968 /* Debug */,
				D7488B551FF834A200C97968 /* Release */,
			);
			defaultConfigurationIsVisible = 0;
			defaultConfigurationName = Release;
		};
		D7488B561FF834A200C97968 /* Build configuration list for PBXNativeTarget "Tippy" */ = {
			isa = XCConfigurationList;
			buildConfigurations = (
				D7488B571FF834A200C97968 /* Debug */,
				D7488B581FF834A200C97968 /* Release */,
			);
			defaultConfigurationIsVisible = 0;
			defaultConfigurationName = Release;
		};
		D7488B591FF834A200C97968 /* Build configuration list for PBXNativeTarget "TippyTests" */ = {
			isa = XCConfigurationList;
			buildConfigurations = (
				D7488B5A1FF834A200C97968 /* Debug */,
				D7488B5B1FF834A200C97968 /* Release */,
			);
			defaultConfigurationIsVisible = 0;
			defaultConfigurationName = Release;
		};
		D7488B5C1FF834A200C97968 /* Build configuration list for PBXNativeTarget "TippyUITests" */ = {
			isa = XCConfigurationList;
			buildConfigurations = (
				D7488B5D1FF834A200C97968 /* Debug */,
				D7488B5E1FF834A200C97968 /* Release */,
			);
			defaultConfigurationIsVisible = 0;
			defaultConfigurationName = Release;
		};
/* End XCConfigurationList section */
	};
	rootObject = D7488B261FF834A200C97968 /* Project object */;
}
